
Microsoft Visual Studio Solution File, Format Version 12.00
# Visual Studio Version 16
VisualStudioVersion = 16.0.29911.84
MinimumVisualStudioVersion = 10.0.40219.1
Project("{FAE04EC0-301F-11D3-BF4B-00C04F79EFBC}") = "Palindromes", "FJExercises\Palindromes.csproj", "{313984AB-8B40-4910-AE0C-6AAF908B4597}"
EndProject
Project("{FAE04EC0-301F-11D3-BF4B-00C04F79EFBC}") = "Palindromes-rev2", "Palindromes-rev2\Palindromes-rev2.csproj", "{5531D381-9200-4C4F-AD16-30B5ED996998}"
EndProject
Project("{FAE04EC0-301F-11D3-BF4B-00C04F79EFBC}") = "Palindromes-rev3", "Palindromes-rev3\Palindromes-rev3.csproj", "{23B1D508-4292-470E-9C14-020968214385}"
EndProject
Project("{FAE04EC0-301F-11D3-BF4B-00C04F79EFBC}") = "Palindromes-QoL", "Palindromes-QoL\Palindromes-QoL.csproj", "{86BC8CA3-F2D2-4972-AAB9-2B7933F0E5CA}"
EndProject
Project("{FAE04EC0-301F-11D3-BF4B-00C04F79EFBC}") = "Palindromes-Configable", "Palindromes-Configable\Palindromes-Configable.csproj", "{B8E9AEE9-5299-4B92-A257-0B04F8A5035A}"
EndProject
Global
	GlobalSection(SolutionConfigurationPlatforms) = preSolution
		Debug|Any CPU = Debug|Any CPU
		Release|Any CPU = Release|Any CPU
	EndGlobalSection
	GlobalSection(ProjectConfigurationPlatforms) = postSolution
		{313984AB-8B40-4910-AE0C-6AAF908B4597}.Debug|Any CPU.ActiveCfg = Debug|Any CPU
		{313984AB-8B40-4910-AE0C-6AAF908B4597}.Debug|Any CPU.Build.0 = Debug|Any CPU
		{313984AB-8B40-4910-AE0C-6AAF908B4597}.Release|Any CPU.ActiveCfg = Release|Any CPU
		{313984AB-8B40-4910-AE0C-6AAF908B4597}.Release|Any CPU.Build.0 = Release|Any CPU
		{5531D381-9200-4C4F-AD16-30B5ED996998}.Debug|Any CPU.ActiveCfg = Debug|Any CPU
		{5531D381-9200-4C4F-AD16-30B5ED996998}.Debug|Any CPU.Build.0 = Debug|Any CPU
		{5531D381-9200-4C4F-AD16-30B5ED996998}.Release|Any CPU.ActiveCfg = Release|Any CPU
		{5531D381-9200-4C4F-AD16-30B5ED996998}.Release|Any CPU.Build.0 = Release|Any CPU
		{23B1D508-4292-470E-9C14-020968214385}.Debug|Any CPU.ActiveCfg = Debug|Any CPU
		{23B1D508-4292-470E-9C14-020968214385}.Debug|Any CPU.Build.0 = Debug|Any CPU
		{23B1D508-4292-470E-9C14-020968214385}.Release|Any CPU.ActiveCfg = Release|Any CPU
		{23B1D508-4292-470E-9C14-020968214385}.Release|Any CPU.Build.0 = Release|Any CPU
		{86BC8CA3-F2D2-4972-AAB9-2B7933F0E5CA}.Debug|Any CPU.ActiveCfg = Debug|Any CPU
		{86BC8CA3-F2D2-4972-AAB9-2B7933F0E5CA}.Debug|Any CPU.Build.0 = Debug|Any CPU
		{86BC8CA3-F2D2-4972-AAB9-2B7933F0E5CA}.Release|Any CPU.ActiveCfg = Release|Any CPU
		{86BC8CA3-F2D2-4972-AAB9-2B7933F0E5CA}.Release|Any CPU.Build.0 = Release|Any CPU
		{B8E9AEE9-5299-4B92-A257-0B04F8A5035A}.Debug|Any CPU.ActiveCfg = Debug|Any CPU
		{B8E9AEE9-5299-4B92-A257-0B04F8A5035A}.Debug|Any CPU.Build.0 = Debug|Any CPU
		{B8E9AEE9-5299-4B92-A257-0B04F8A5035A}.Release|Any CPU.ActiveCfg = Release|Any CPU
		{B8E9AEE9-5299-4B92-A257-0B04F8A5035A}.Release|Any CPU.Build.0 = Release|Any CPU
	EndGlobalSection
	GlobalSection(SolutionProperties) = preSolution
		HideSolutionNode = FALSE
	EndGlobalSection
	GlobalSection(ExtensibilityGlobals) = postSolution
		SolutionGuid = {39D79118-C49D-443A-8600-0BEBD7C6F028}
	EndGlobalSection
EndGlobal
